{
  "name": "avro-comparison",
  "version": "0.0.0",
  "lockfileVersion": 2,
  "requires": true,
  "packages": {
    "": {
      "name": "avro-comparison",
      "version": "0.0.0",
      "license": "Unlicense",
      "dependencies": {
        "avsc": "^5.7.0",
        "typescript": "^4.2.4"
      }
    },
    "node_modules/avsc": {
      "version": "5.7.0",
      "resolved": "https://registry.npmjs.org/avsc/-/avsc-5.7.0.tgz",
      "integrity": "sha512-oP3jgI9SaZnwLwkRx7sHDPctXCUGGp+X4FsCgzHpMTNhYhGhXAFinptdGpWid2GTXAkhNp8ksAjqyqQBhoQ7BQ==",
      "engines": {
        "node": ">=0.11"
      }
    },
    "node_modules/typescript": {
      "version": "4.2.4",
      "resolved": "https://registry.npmjs.org/typescript/-/typescript-4.2.4.tgz",
      "integrity": "sha512-V+evlYHZnQkaz8TRBuxTA92yZBPotr5H+WhQ7bD3hZUndx5tGOa1fuCgeSjxAzM1RiN5IzvadIXTVefuuwZCRg==",
      "bin": {
        "tsc": "bin/tsc",
        "tsserver": "bin/tsserver"
      },
      "engines": {
        "node": ">=4.2.0"
      }
    }
  },
  "dependencies": {
    "avsc": {
      "version": "5.7.0",
      "resolved": "https://registry.npmjs.org/avsc/-/avsc-5.7.0.tgz",
      "integrity": "sha512-oP3jgI9SaZnwLwkRx7sHDPctXCUGGp+X4FsCgzHpMTNhYhGhXAFinptdGpWid2GTXAkhNp8ksAjqyqQBhoQ7BQ=="
    },
    "typescript": {
      "version": "4.2.4",
      "resolved": "https://registry.npmjs.org/typescript/-/typescript-4.2.4.tgz",
      "integrity": "sha512-V+evlYHZnQkaz8TRBuxTA92yZBPotr5H+WhQ7bD3hZUndx5tGOa1fuCgeSjxAzM1RiN5IzvadIXTVefuuwZCRg=="
    }
  }
}
